
Microsoft Visual Studio Solution File, Format Version 12.00
# Visual Studio 15
VisualStudioVersion = 15.0.28010.2046
MinimumVisualStudioVersion = 10.0.40219.1
Project("{FAE04EC0-301F-11D3-BF4B-00C04F79EFBC}") = "Task1", "Task1\Task1.csproj", "{D0691518-DF6E-4230-88A5-0D9796863FF3}"
EndProject
Project("{FAE04EC0-301F-11D3-BF4B-00C04F79EFBC}") = "Task2", "Task2\Task2.csproj", "{BA6C6F9A-C37F-4B40-AFF0-C5F735F18373}"
EndProject
Project("{FAE04EC0-301F-11D3-BF4B-00C04F79EFBC}") = "Task3", "Task3\Task3.csproj", "{FAED9405-7BF1-4455-94C6-DEF3F5993A9D}"
EndProject
Project("{FAE04EC0-301F-11D3-BF4B-00C04F79EFBC}") = "Task4", "Task4\Task4.csproj", "{8B6DC024-7798-47DF-8970-9B510AF2E0BF}"
EndProject
Project("{FAE04EC0-301F-11D3-BF4B-00C04F79EFBC}") = "Task5", "Task5\Task5.csproj", "{8C319C6B-239F-45D0-89E1-0ED3DA7D98C0}"
EndProject
Global
	GlobalSection(SolutionConfigurationPlatforms) = preSolution
		Debug|Any CPU = Debug|Any CPU
		Release|Any CPU = Release|Any CPU
	EndGlobalSection
	GlobalSection(ProjectConfigurationPlatforms) = postSolution
		{D0691518-DF6E-4230-88A5-0D9796863FF3}.Debug|Any CPU.ActiveCfg = Debug|Any CPU
		{D0691518-DF6E-4230-88A5-0D9796863FF3}.Debug|Any CPU.Build.0 = Debug|Any CPU
		{D0691518-DF6E-4230-88A5-0D9796863FF3}.Release|Any CPU.ActiveCfg = Release|Any CPU
		{D0691518-DF6E-4230-88A5-0D9796863FF3}.Release|Any CPU.Build.0 = Release|Any CPU
		{BA6C6F9A-C37F-4B40-AFF0-C5F735F18373}.Debug|Any CPU.ActiveCfg = Debug|Any CPU
		{BA6C6F9A-C37F-4B40-AFF0-C5F735F18373}.Debug|Any CPU.Build.0 = Debug|Any CPU
		{BA6C6F9A-C37F-4B40-AFF0-C5F735F18373}.Release|Any CPU.ActiveCfg = Release|Any CPU
		{BA6C6F9A-C37F-4B40-AFF0-C5F735F18373}.Release|Any CPU.Build.0 = Release|Any CPU
		{FAED9405-7BF1-4455-94C6-DEF3F5993A9D}.Debug|Any CPU.ActiveCfg = Debug|Any CPU
		{FAED9405-7BF1-4455-94C6-DEF3F5993A9D}.Debug|Any CPU.Build.0 = Debug|Any CPU
		{FAED9405-7BF1-4455-94C6-DEF3F5993A9D}.Release|Any CPU.ActiveCfg = Release|Any CPU
		{FAED9405-7BF1-4455-94C6-DEF3F5993A9D}.Release|Any CPU.Build.0 = Release|Any CPU
		{8B6DC024-7798-47DF-8970-9B510AF2E0BF}.Debug|Any CPU.ActiveCfg = Debug|Any CPU
		{8B6DC024-7798-47DF-8970-9B510AF2E0BF}.Debug|Any CPU.Build.0 = Debug|Any CPU
		{8B6DC024-7798-47DF-8970-9B510AF2E0BF}.Release|Any CPU.ActiveCfg = Release|Any CPU
		{8B6DC024-7798-47DF-8970-9B510AF2E0BF}.Release|Any CPU.Build.0 = Release|Any CPU
		{8C319C6B-239F-45D0-89E1-0ED3DA7D98C0}.Debug|Any CPU.ActiveCfg = Debug|Any CPU
		{8C319C6B-239F-45D0-89E1-0ED3DA7D98C0}.Debug|Any CPU.Build.0 = Debug|Any CPU
		{8C319C6B-239F-45D0-89E1-0ED3DA7D98C0}.Release|Any CPU.ActiveCfg = Release|Any CPU
		{8C319C6B-239F-45D0-89E1-0ED3DA7D98C0}.Release|Any CPU.Build.0 = Release|Any CPU
	EndGlobalSection
	GlobalSection(SolutionProperties) = preSolution
		HideSolutionNode = FALSE
	EndGlobalSection
	GlobalSection(ExtensibilityGlobals) = postSolution
		SolutionGuid = {2EE709BD-45D6-4FA5-B959-4712EF9B60FA}
	EndGlobalSection
EndGlobal
